
Microsoft Visual Studio Solution File, Format Version 12.00
# Visual Studio Version 17
VisualStudioVersion = 17.9.34723.18
MinimumVisualStudioVersion = 10.0.40219.1
Project("{9A19103F-16F7-4668-BE54-9A1E7A4F7556}") = "NotesBack", "NotesBack\NotesBack.csproj", "{51BE8612-953F-4346-A83A-B801E590F016}"
EndProject
Project("{9A19103F-16F7-4668-BE54-9A1E7A4F7556}") = "Data", "Data\Data.csproj", "{F78D0799-0973-49F1-A0E9-9042648E6F5B}"
EndProject
Project("{9A19103F-16F7-4668-BE54-9A1E7A4F7556}") = "Logic", "Logic\Logic.csproj", "{FF8C5E97-6A23-4AB7-8BA0-19F83F8C7251}"
EndProject
Project("{2150E333-8FDC-42A3-9474-1A3956D46DE8}") = "Solution Items", "Solution Items", "{CB365539-27BC-409D-912C-89242B70F146}"
	ProjectSection(SolutionItems) = preProject
		Dockerfile = Dockerfile
	EndProjectSection
EndProject
Global
	GlobalSection(SolutionConfigurationPlatforms) = preSolution
		Debug|Any CPU = Debug|Any CPU
		Release|Any CPU = Release|Any CPU
	EndGlobalSection
	GlobalSection(ProjectConfigurationPlatforms) = postSolution
		{51BE8612-953F-4346-A83A-B801E590F016}.Debug|Any CPU.ActiveCfg = Debug|Any CPU
		{51BE8612-953F-4346-A83A-B801E590F016}.Debug|Any CPU.Build.0 = Debug|Any CPU
		{51BE8612-953F-4346-A83A-B801E590F016}.Release|Any CPU.ActiveCfg = Release|Any CPU
		{51BE8612-953F-4346-A83A-B801E590F016}.Release|Any CPU.Build.0 = Release|Any CPU
		{F78D0799-0973-49F1-A0E9-9042648E6F5B}.Debug|Any CPU.ActiveCfg = Debug|Any CPU
		{F78D0799-0973-49F1-A0E9-9042648E6F5B}.Debug|Any CPU.Build.0 = Debug|Any CPU
		{F78D0799-0973-49F1-A0E9-9042648E6F5B}.Release|Any CPU.ActiveCfg = Release|Any CPU
		{F78D0799-0973-49F1-A0E9-9042648E6F5B}.Release|Any CPU.Build.0 = Release|Any CPU
		{FF8C5E97-6A23-4AB7-8BA0-19F83F8C7251}.Debug|Any CPU.ActiveCfg = Debug|Any CPU
		{FF8C5E97-6A23-4AB7-8BA0-19F83F8C7251}.Debug|Any CPU.Build.0 = Debug|Any CPU
		{FF8C5E97-6A23-4AB7-8BA0-19F83F8C7251}.Release|Any CPU.ActiveCfg = Release|Any CPU
		{FF8C5E97-6A23-4AB7-8BA0-19F83F8C7251}.Release|Any CPU.Build.0 = Release|Any CPU
	EndGlobalSection
	GlobalSection(SolutionProperties) = preSolution
		HideSolutionNode = FALSE
	EndGlobalSection
	GlobalSection(ExtensibilityGlobals) = postSolution
		SolutionGuid = {FBB042EB-DD35-4A14-AC0A-14F734DF39B6}
	EndGlobalSection
EndGlobal
